// !$*UTF8*$!
{
	archiveVersion = 1;
	classes = {
	};
	objectVersion = 46;
	objects = {

/* Begin PBXBuildFile section */
		8563C43119C26991003B38FB /* AppDelegate.swift in Sources */ = {isa = PBXBuildFile; fileRef = 8563C43019C26991003B38FB /* AppDelegate.swift */; };
		8563C43319C26991003B38FB /* ViewController.swift in Sources */ = {isa = PBXBuildFile; fileRef = 8563C43219C26991003B38FB /* ViewController.swift */; };
		8563C43619C26991003B38FB /* Main.storyboard in Resources */ = {isa = PBXBuildFile; fileRef = 8563C43419C26991003B38FB /* Main.storyboard */; };
		8563C43819C26991003B38FB /* Images.xcassets in Resources */ = {isa = PBXBuildFile; fileRef = 8563C43719C26991003B38FB /* Images.xcassets */; };
		8563C44419C26991003B38FB /* PostCardTests.swift in Sources */ = {isa = PBXBuildFile; fileRef = 8563C44319C26991003B38FB /* PostCardTests.swift */; };
/* End PBXBuildFile section */

/* Begin PBXContainerItemProxy section */
		8563C43E19C26991003B38FB /* PBXContainerItemProxy */ = {
			isa = PBXContainerItemProxy;
			containerPortal = 8563C42319C26990003B38FB /* Project object */;
			proxyType = 1;
			remoteGlobalIDString = 8563C42A19C26991003B38FB;
			remoteInfo = PostCard;
		};
/* End PBXContainerItemProxy section */

/* Begin PBXFileReference section */
		8563C42B19C26991003B38FB /* PostCard.app */ = {isa = PBXFileReference; explicitFileType = wrapper.application; includeInIndex = 0; path = PostCard.app; sourceTree = BUILT_PRODUCTS_DIR; };
		8563C42F19C26991003B38FB /* Info.plist */ = {isa = PBXFileReference; lastKnownFileType = text.plist.xml; path = Info.plist; sourceTree = "<group>"; };
		8563C43019C26991003B38FB /* AppDelegate.swift */ = {isa = PBXFileReference; lastKnownFileType = sourcecode.swift; path = AppDelegate.swift; sourceTree = "<group>"; };
		8563C43219C26991003B38FB /* ViewController.swift */ = {isa = PBXFileReference; lastKnownFileType = sourcecode.swift; path = ViewController.swift; sourceTree = "<group>"; };
		8563C43519C26991003B38FB /* Base */ = {isa = PBXFileReference; lastKnownFileType = file.storyboard; name = Base; path = Base.lproj/Main.storyboard; sourceTree = "<group>"; };
		8563C43719C26991003B38FB /* Images.xcassets */ = {isa = PBXFileReference; lastKnownFileType = folder.assetcatalog; path = Images.xcassets; sourceTree = "<group>"; };
		8563C43D19C26991003B38FB /* PostCardTests.xctest */ = {isa = PBXFileReference; explicitFileType = wrapper.cfbundle; includeInIndex = 0; path = PostCardTests.xctest; sourceTree = BUILT_PRODUCTS_DIR; };
		8563C44219C26991003B38FB /* Info.plist */ = {isa = PBXFileReference; lastKnownFileType = text.plist.xml; path = Info.plist; sourceTree = "<group>"; };
		8563C44319C26991003B38FB /* PostCardTests.swift */ = {isa = PBXFileReference; lastKnownFileType = sourcecode.swift; path = PostCardTests.swift; sourceTree = "<group>"; };
/* End PBXFileReference section */

/* Begin PBXFrameworksBuildPhase section */
		8563C42819C26991003B38FB /* Frameworks */ = {
			isa = PBXFrameworksBuildPhase;
			buildActionMask = 2147483647;
			files = (
			);
			runOnlyForDeploymentPostprocessing = 0;
		};
		8563C43A19C26991003B38FB /* Frameworks */ = {
			isa = PBXFrameworksBuildPhase;
			buildActionMask = 2147483647;
			files = (
			);
			runOnlyForDeploymentPostprocessing = 0;
		};
/* End PBXFrameworksBuildPhase section */

/* Begin PBXGroup section */
		8563C42219C26990003B38FB = {
			isa = PBXGroup;
			children = (
				8563C42D19C26991003B38FB /* PostCard */,
				8563C44019C26991003B38FB /* PostCardTests */,
				8563C42C19C26991003B38FB /* Products */,
			);
			sourceTree = "<group>";
		};
		8563C42C19C26991003B38FB /* Products */ = {
			isa = PBXGroup;
			children = (
				8563C42B19C26991003B38FB /* PostCard.app */,
				8563C43D19C26991003B38FB /* PostCardTests.xctest */,
			);
			name = Products;
			sourceTree = "<group>";
		};
		8563C42D19C26991003B38FB /* PostCard */ = {
			isa = PBXGroup;
			children = (
				8563C43019C26991003B38FB /* AppDelegate.swift */,
				8563C43219C26991003B38FB /* ViewController.swift */,
				8563C43419C26991003B38FB /* Main.storyboard */,
				8563C43719C26991003B38FB /* Images.xcassets */,
				8563C42E19C26991003B38FB /* Supporting Files */,
			);
			path = PostCard;
			sourceTree = "<group>";
		};
		8563C42E19C26991003B38FB /* Supporting Files */ = {
			isa = PBXGroup;
			children = (
				8563C42F19C26991003B38FB /* Info.plist */,
			);
			name = "Supporting Files";
			sourceTree = "<group>";
		};
		8563C44019C26991003B38FB /* PostCardTests */ = {
			isa = PBXGroup;
			children = (
				8563C44319C26991003B38FB /* PostCardTests.swift */,
				8563C44119C26991003B38FB /* Supporting Files */,
			);
			path = PostCardTests;
			sourceTree = "<group>";
		};
		8563C44119C26991003B38FB /* Supporting Files */ = {
			isa = PBXGroup;
			children = (
				8563C44219C26991003B38FB /* Info.plist */,
			);
			name = "Supporting Files";
			sourceTree = "<group>";
		};
/* End PBXGroup section */

/* Begin PBXNativeTarget section */
		8563C42A19C26991003B38FB /* PostCard */ = {
			isa = PBXNativeTarget;
			buildConfigurationList = 8563C44719C26991003B38FB /* Build configuration list for PBXNativeTarget "PostCard" */;
			buildPhases = (
				8563C42719C26991003B38FB /* Sources */,
				8563C42819C26991003B38FB /* Frameworks */,
				8563C42919C26991003B38FB /* Resources */,
			);
			buildRules = (
			);
			dependencies = (
			);
			name = PostCard;
			productName = PostCard;
			productReference = 8563C42B19C26991003B38FB /* PostCard.app */;
			productType = "com.apple.product-type.application";
		};
		8563C43C19C26991003B38FB /* PostCardTests */ = {
			isa = PBXNativeTarget;
			buildConfigurationList = 8563C44A19C26991003B38FB /* Build configuration list for PBXNativeTarget "PostCardTests" */;
			buildPhases = (
				8563C43919C26991003B38FB /* Sources */,
				8563C43A19C26991003B38FB /* Frameworks */,
				8563C43B19C26991003B38FB /* Resources */,
			);
			buildRules = (
			);
			dependencies = (
				8563C43F19C26991003B38FB /* PBXTargetDependency */,
			);
			name = PostCardTests;
			productName = PostCardTests;
			productReference = 8563C43D19C26991003B38FB /* PostCardTests.xctest */;
			productType = "com.apple.product-type.bundle.unit-test";
		};
/* End PBXNativeTarget section */

/* Begin PBXProject section */
		8563C42319C26990003B38FB /* Project object */ = {
			isa = PBXProject;
			attributes = {
				LastUpgradeCheck = 0600;
				ORGANIZATIONNAME = "Mitch Paul";
				TargetAttributes = {
					8563C42A19C26991003B38FB = {
						CreatedOnToolsVersion = 6.0;
					};
					8563C43C19C26991003B38FB = {
						CreatedOnToolsVersion = 6.0;
						TestTargetID = 8563C42A19C26991003B38FB;
					};
				};
			};
			buildConfigurationList = 8563C42619C26990003B38FB /* Build configuration list for PBXProject "PostCard" */;
			compatibilityVersion = "Xcode 3.2";
			developmentRegion = English;
			hasScannedForEncodings = 0;
			knownRegions = (
				en,
				Base,
			);
			mainGroup = 8563C42219C26990003B38FB;
			productRefGroup = 8563C42C19C26991003B38FB /* Products */;
			projectDirPath = "";
			projectRoot = "";
			targets = (
				8563C42A19C26991003B38FB /* PostCard */,
				8563C43C19C26991003B38FB /* PostCardTests */,
			);
		};
/* End PBXProject section */

/* Begin PBXResourcesBuildPhase section */
		8563C42919C26991003B38FB /* Resources */ = {
			isa = PBXResourcesBuildPhase;
			buildActionMask = 2147483647;
			files = (
				8563C43619C26991003B38FB /* Main.storyboard in Resources */,
				8563C43819C26991003B38FB /* Images.xcassets in Resources */,
			);
			runOnlyForDeploymentPostprocessing = 0;
		};
		8563C43B19C26991003B38FB /* Resources */ = {
			isa = PBXResourcesBuildPhase;
			buildActionMask = 2147483647;
			files = (
			);
			runOnlyForDeploymentPostprocessing = 0;
		};
/* End PBXResourcesBuildPhase section */

/* Begin PBXSourcesBuildPhase section */
		8563C42719C26991003B38FB /* Sources */ = {
			isa = PBXSourcesBuildPhase;
			buildActionMask = 2147483647;
			files = (
				8563C43319C26991003B38FB /* ViewController.swift in Sources */,
				8563C43119C26991003B38FB /* AppDelegate.swift in Sources */,
			);
			runOnlyForDeploymentPostprocessing = 0;
		};
		8563C43919C26991003B38FB /* Sources */ = {
			isa = PBXSourcesBuildPhase;
			buildActionMask = 2147483647;
			files = (
				8563C44419C26991003B38FB /* PostCardTests.swift in Sources */,
			);
			runOnlyForDeploymentPostprocessing = 0;
		};
/* End PBXSourcesBuildPhase section */

/* Begin PBXTargetDependency section */
		8563C43F19C26991003B38FB /* PBXTargetDependency */ = {
			isa = PBXTargetDependency;
			target = 8563C42A19C26991003B38FB /* PostCard */;
			targetProxy = 8563C43E19C26991003B38FB /* PBXContainerItemProxy */;
		};
/* End PBXTargetDependency section */

/* Begin PBXVariantGroup section */
		8563C43419C26991003B38FB /* Main.storyboard */ = {
			isa = PBXVariantGroup;
			children = (
				8563C43519C26991003B38FB /* Base */,
			);
			name = Main.storyboard;
			sourceTree = "<group>";
		};
/* End PBXVariantGroup section */

/* Begin XCBuildConfiguration section */
		8563C44519C26991003B38FB /* Debug */ = {
			isa = XCBuildConfiguration;
			buildSettings = {
				ALWAYS_SEARCH_USER_PATHS = NO;
				CLANG_CXX_LANGUAGE_STANDARD = "gnu++0x";
				CLANG_CXX_LIBRARY = "libc++";
				CLANG_ENABLE_MODULES = YES;
				CLANG_ENABLE_OBJC_ARC = YES;
				CLANG_WARN_BOOL_CONVERSION = YES;
				CLANG_WARN_CONSTANT_CONVERSION = YES;
				CLANG_WARN_DIRECT_OBJC_ISA_USAGE = YES_ERROR;
				CLANG_WARN_EMPTY_BODY = YES;
				CLANG_WARN_ENUM_CONVERSION = YES;
				CLANG_WARN_INT_CONVERSION = YES;
				CLANG_WARN_OBJC_ROOT_CLASS = YES_ERROR;
				CLANG_WARN_UNREACHABLE_CODE = YES;
				CLANG_WARN__DUPLICATE_METHOD_MATCH = YES;
				"CODE_SIGN_IDENTITY[sdk=iphoneos*]" = "iPhone Developer";
				COPY_PHASE_STRIP = NO;
				ENABLE_STRICT_OBJC_MSGSEND = YES;
				GCC_C_LANGUAGE_STANDARD = gnu99;
				GCC_DYNAMIC_NO_PIC = NO;
				GCC_OPTIMIZATION_LEVEL = 0;
				GCC_PREPROCESSOR_DEFINITIONS = (
					"DEBUG=1",
					"$(inherited)",
				);
				GCC_SYMBOLS_PRIVATE_EXTERN = NO;
				GCC_WARN_64_TO_32_BIT_CONVERSION = YES;
				GCC_WARN_ABOUT_RETURN_TYPE = YES_ERROR;
				GCC_WARN_UNDECLARED_SELECTOR = YES;
				GCC_WARN_UNINITIALIZED_AUTOS = YES_AGGRESSIVE;
				GCC_WARN_UNUSED_FUNCTION = YES;
				GCC_WARN_UNUSED_VARIABLE = YES;
				IPHONEOS_DEPLOYMENT_TARGET = 8.0;
				MTL_ENABLE_DEBUG_INFO = YES;
				ONLY_ACTIVE_ARCH = YES;
				SDKROOT = iphoneos;
				SWIFT_OPTIMIZATION_LEVEL = "-Onone";
			};
			name = Debug;
		};
		8563C44619C26991003B38FB /* Release */ = {
			isa = XCBuildConfiguration;
			buildSettings = {
				ALWAYS_SEARCH_USER_PATHS = NO;
				CLANG_CXX_LANGUAGE_STANDARD = "gnu++0x";
				CLANG_CXX_LIBRARY = "libc++";
				CLANG_ENABLE_MODULES = YES;
				CLANG_ENABLE_OBJC_ARC = YES;
				CLANG_WARN_BOOL_CONVERSION = YES;
				CLANG_WARN_CONSTANT_CONVERSION = YES;
				CLANG_WARN_DIRECT_OBJC_ISA_USAGE = YES_ERROR;
				CLANG_WARN_EMPTY_BODY = YES;
				CLANG_WARN_ENUM_CONVERSION = YES;
				CLANG_WARN_INT_CONVERSION = YES;
				CLANG_WARN_OBJC_ROOT_CLASS = YES_ERROR;
				CLANG_WARN_UNREACHABLE_CODE = YES;
				CLANG_WARN__DUPLICATE_METHOD_MATCH = YES;
				"CODE_SIGN_IDENTITY[sdk=iphoneos*]" = "iPhone Developer";
				COPY_PHASE_STRIP = YES;
				ENABLE_NS_ASSERTIONS = NO;
				ENABLE_STRICT_OBJC_MSGSEND = YES;
				GCC_C_LANGUAGE_STANDARD = gnu99;
				GCC_WARN_64_TO_32_BIT_CONVERSION = YES;
				GCC_WARN_ABOUT_RETURN_TYPE = YES_ERROR;
				GCC_WARN_UNDECLARED_SELECTOR = YES;
				GCC_WARN_UNINITIALIZED_AUTOS = YES_AGGRESSIVE;
				GCC_WARN_UNUSED_FUNCTION = YES;
				GCC_WARN_UNUSED_VARIABLE = YES;
				IPHONEOS_DEPLOYMENT_TARGET = 8.0;
				MTL_ENABLE_DEBUG_INFO = NO;
				SDKROOT = iphoneos;
				VALIDATE_PRODUCT = YES;
			};
			name = Release;
		};
		8563C44819C26991003B38FB /* Debug */ = {
			isa = XCBuildConfiguration;
			buildSettings = {
				ASSETCATALOG_COMPILER_APPICON_NAME = AppIcon;
				ASSETCATALOG_COMPILER_LAUNCHIMAGE_NAME = LaunchImage;
				INFOPLIST_FILE = PostCard/Info.plist;
				LD_RUNPATH_SEARCH_PATHS = "$(inherited) @executable_path/Frameworks";
				PRODUCT_NAME = "$(TARGET_NAME)";
			};
			name = Debug;
		};
		8563C44919C26991003B38FB /* Release */ = {
			isa = XCBuildConfiguration;
			buildSettings = {
				ASSETCATALOG_COMPILER_APPICON_NAME = AppIcon;
				ASSETCATALOG_COMPILER_LAUNCHIMAGE_NAME = LaunchImage;
				INFOPLIST_FILE = PostCard/Info.plist;
				LD_RUNPATH_SEARCH_PATHS = "$(inherited) @executable_path/Frameworks";
				PRODUCT_NAME = "$(TARGET_NAME)";
			};
			name = Release;
		};
		8563C44B19C26991003B38FB /* Debug */ = {
			isa = XCBuildConfiguration;
			buildSettings = {
				BUNDLE_LOADER = "$(BUILT_PRODUCTS_DIR)/PostCard.app/PostCard";
				FRAMEWORK_SEARCH_PATHS = (
					"$(SDKROOT)/Developer/Library/Frameworks",
					"$(inherited)",
				);
				GCC_PREPROCESSOR_DEFINITIONS = (
					"DEBUG=1",
					"$(inherited)",
				);
				INFOPLIST_FILE = PostCardTests/Info.plist;
				LD_RUNPATH_SEARCH_PATHS = "$(inherited) @executable_path/Frameworks @loader_path/Frameworks";
				PRODUCT_NAME = "$(TARGET_NAME)";
				TEST_HOST = "$(BUNDLE_LOADER)";
			};
			name = Debug;
		};
		8563C44C19C26991003B38FB /* Release */ = {
			isa = XCBuildConfiguration;
			buildSettings = {
				BUNDLE_LOADER = "$(BUILT_PRODUCTS_DIR)/PostCard.app/PostCard";
				FRAMEWORK_SEARCH_PATHS = (
					"$(SDKROOT)/Developer/Library/Frameworks",
					"$(inherited)",
				);
				INFOPLIST_FILE = PostCardTests/Info.plist;
				LD_RUNPATH_SEARCH_PATHS = "$(inherited) @executable_path/Frameworks @loader_path/Frameworks";
				PRODUCT_NAME = "$(TARGET_NAME)";
				TEST_HOST = "$(BUNDLE_LOADER)";
			};
			name = Release;
		};
/* End XCBuildConfiguration section */

/* Begin XCConfigurationList section */
		8563C42619C26990003B38FB /* Build configuration list for PBXProject "PostCard" */ = {
			isa = XCConfigurationList;
			buildConfigurations = (
				8563C44519C26991003B38FB /* Debug */,
				8563C44619C26991003B38FB /* Release */,
			);
			defaultConfigurationIsVisible = 0;
			defaultConfigurationName = Release;
		};
		8563C44719C26991003B38FB /* Build configuration list for PBXNativeTarget "PostCard" */ = {
			isa = XCConfigurationList;
			buildConfigurations = (
				8563C44819C26991003B38FB /* Debug */,
				8563C44919C26991003B38FB /* Release */,
			);
			defaultConfigurationIsVisible = 0;
		};
		8563C44A19C26991003B38FB /* Build configuration list for PBXNativeTarget "PostCardTests" */ = {
			isa = XCConfigurationList;
			buildConfigurations = (
				8563C44B19C26991003B38FB /* Debug */,
				8563C44C19C26991003B38FB /* Release */,
			);
			defaultConfigurationIsVisible = 0;
		};
/* End XCConfigurationList section */
	};
	rootObject = 8563C42319C26990003B38FB /* Project object */;
}
